
Microsoft Visual Studio Solution File, Format Version 12.00
# Visual Studio 15
VisualStudioVersion = 15.0.28010.2046
MinimumVisualStudioVersion = 10.0.40219.1
Project("{FAE04EC0-301F-11D3-BF4B-00C04F79EFBC}") = "FactoryPlannerApi", "FactoryPlannerApi\FactoryPlannerApi.csproj", "{44714A57-B7D1-45E9-902F-D1A87C1ECA19}"
EndProject
Global
	GlobalSection(SolutionConfigurationPlatforms) = preSolution
		Debug|Any CPU = Debug|Any CPU
		Release|Any CPU = Release|Any CPU
	EndGlobalSection
	GlobalSection(ProjectConfigurationPlatforms) = postSolution
		{44714A57-B7D1-45E9-902F-D1A87C1ECA19}.Debug|Any CPU.ActiveCfg = Debug|Any CPU
		{44714A57-B7D1-45E9-902F-D1A87C1ECA19}.Debug|Any CPU.Build.0 = Debug|Any CPU
		{44714A57-B7D1-45E9-902F-D1A87C1ECA19}.Release|Any CPU.ActiveCfg = Release|Any CPU
		{44714A57-B7D1-45E9-902F-D1A87C1ECA19}.Release|Any CPU.Build.0 = Release|Any CPU
	EndGlobalSection
	GlobalSection(SolutionProperties) = preSolution
		HideSolutionNode = FALSE
	EndGlobalSection
	GlobalSection(ExtensibilityGlobals) = postSolution
		SolutionGuid = {C645CA14-B154-494D-9BBE-0858CADC9BCD}
	EndGlobalSection
EndGlobal
